
Microsoft Visual Studio Solution File, Format Version 12.00
Project("{FAE04EC0-301F-11D3-BF4B-00C04F79EFBC}") = "LibGB28181SipGate", "LibGB28181SipGate\LibGB28181SipGate.csproj", "{4BA48112-DE2E-4FDF-9B51-758FF824871A}"
EndProject
Project("{FAE04EC0-301F-11D3-BF4B-00C04F79EFBC}") = "GB28181.SIPSorcery", "GB28181.SIPSorcery\GB28181.SIPSorcery.csproj", "{42050B07-B393-4292-A89F-7ECE14989E0F}"
EndProject
Project("{FAE04EC0-301F-11D3-BF4B-00C04F79EFBC}") = "SIPSorcery", "sipsorcery\src\SIPSorcery.csproj", "{7D391CD6-1A16-4D02-B7BE-7418349652F2}"
EndProject
Project("{FAE04EC0-301F-11D3-BF4B-00C04F79EFBC}") = "Test_Gb28181SipGate", "Test_Gb28181SipGate\Test_Gb28181SipGate.csproj", "{11585BCF-0B18-44D4-822E-16A9FADCED95}"
EndProject
Project("{FAE04EC0-301F-11D3-BF4B-00C04F79EFBC}") = "StreamNodeWebApi", "StreamNodeWebApi\StreamNodeWebApi.csproj", "{A4919A4D-EB8E-4A73-A2C3-9DC3442C8F28}"
EndProject
Project("{FAE04EC0-301F-11D3-BF4B-00C04F79EFBC}") = "CommonFunctions", "CommonFunctions\CommonFunctions.csproj", "{0ACDA782-23F5-433D-B665-AA86CB03FE97}"
EndProject
Project("{FAE04EC0-301F-11D3-BF4B-00C04F79EFBC}") = "StreamNodeCtrlApis", "StreamNodeCtrlApis\StreamNodeCtrlApis.csproj", "{E30BE9BF-F340-453C-84C2-B17B9F0F1047}"
EndProject
Project("{FAE04EC0-301F-11D3-BF4B-00C04F79EFBC}") = "Test_SSH", "Test_SSH\Test_SSH.csproj", "{42BEE94C-6225-455A-9AB5-5B24EB256F05}"
EndProject
Project("{FAE04EC0-301F-11D3-BF4B-00C04F79EFBC}") = "StreamMediaServerKeeper", "StreamMediaServerKeeper\StreamMediaServerKeeper.csproj", "{9B191663-1EC0-41D9-AA9B-77BC9384BA32}"
EndProject
Project("{FAE04EC0-301F-11D3-BF4B-00C04F79EFBC}") = "Test_GetSystemRunningTime", "Test_GetSystemRunningTime\Test_GetSystemRunningTime.csproj", "{F804BDAC-8C7F-4692-8738-A9D24038CE13}"
EndProject
Project("{FAE04EC0-301F-11D3-BF4B-00C04F79EFBC}") = "Logger", "Logger\Logger.csproj", "{033881F7-CDA4-4F67-905C-11D907C22A0C}"
EndProject
Project("{FAE04EC0-301F-11D3-BF4B-00C04F79EFBC}") = "Test_SystemInfo", "Test_SystemInfo\Test_SystemInfo.csproj", "{6149DA98-F536-40C4-8F64-D5A1B27D1AB2}"
EndProject
Project("{FAE04EC0-301F-11D3-BF4B-00C04F79EFBC}") = "Test_SystemInfo2", "Test_SystemInfo2\Test_SystemInfo2.csproj", "{EC644B1B-67C7-464C-81F0-A556CFE7B151}"
EndProject
Global
	GlobalSection(SolutionConfigurationPlatforms) = preSolution
		Debug|Any CPU = Debug|Any CPU
		Release|Any CPU = Release|Any CPU
	EndGlobalSection
	GlobalSection(ProjectConfigurationPlatforms) = postSolution
		{4BA48112-DE2E-4FDF-9B51-758FF824871A}.Debug|Any CPU.ActiveCfg = Debug|Any CPU
		{4BA48112-DE2E-4FDF-9B51-758FF824871A}.Debug|Any CPU.Build.0 = Debug|Any CPU
		{4BA48112-DE2E-4FDF-9B51-758FF824871A}.Release|Any CPU.ActiveCfg = Release|Any CPU
		{4BA48112-DE2E-4FDF-9B51-758FF824871A}.Release|Any CPU.Build.0 = Release|Any CPU
		{42050B07-B393-4292-A89F-7ECE14989E0F}.Debug|Any CPU.ActiveCfg = Debug|Any CPU
		{42050B07-B393-4292-A89F-7ECE14989E0F}.Debug|Any CPU.Build.0 = Debug|Any CPU
		{42050B07-B393-4292-A89F-7ECE14989E0F}.Release|Any CPU.ActiveCfg = Release|Any CPU
		{42050B07-B393-4292-A89F-7ECE14989E0F}.Release|Any CPU.Build.0 = Release|Any CPU
		{7D391CD6-1A16-4D02-B7BE-7418349652F2}.Debug|Any CPU.ActiveCfg = Debug|Any CPU
		{7D391CD6-1A16-4D02-B7BE-7418349652F2}.Debug|Any CPU.Build.0 = Debug|Any CPU
		{7D391CD6-1A16-4D02-B7BE-7418349652F2}.Release|Any CPU.ActiveCfg = Release|Any CPU
		{7D391CD6-1A16-4D02-B7BE-7418349652F2}.Release|Any CPU.Build.0 = Release|Any CPU
		{11585BCF-0B18-44D4-822E-16A9FADCED95}.Debug|Any CPU.ActiveCfg = Debug|Any CPU
		{11585BCF-0B18-44D4-822E-16A9FADCED95}.Debug|Any CPU.Build.0 = Debug|Any CPU
		{11585BCF-0B18-44D4-822E-16A9FADCED95}.Release|Any CPU.ActiveCfg = Release|Any CPU
		{11585BCF-0B18-44D4-822E-16A9FADCED95}.Release|Any CPU.Build.0 = Release|Any CPU
		{A4919A4D-EB8E-4A73-A2C3-9DC3442C8F28}.Debug|Any CPU.ActiveCfg = Debug|Any CPU
		{A4919A4D-EB8E-4A73-A2C3-9DC3442C8F28}.Debug|Any CPU.Build.0 = Debug|Any CPU
		{A4919A4D-EB8E-4A73-A2C3-9DC3442C8F28}.Release|Any CPU.ActiveCfg = Release|Any CPU
		{A4919A4D-EB8E-4A73-A2C3-9DC3442C8F28}.Release|Any CPU.Build.0 = Release|Any CPU
		{0ACDA782-23F5-433D-B665-AA86CB03FE97}.Debug|Any CPU.ActiveCfg = Debug|Any CPU
		{0ACDA782-23F5-433D-B665-AA86CB03FE97}.Debug|Any CPU.Build.0 = Debug|Any CPU
		{0ACDA782-23F5-433D-B665-AA86CB03FE97}.Release|Any CPU.ActiveCfg = Release|Any CPU
		{0ACDA782-23F5-433D-B665-AA86CB03FE97}.Release|Any CPU.Build.0 = Release|Any CPU
		{E30BE9BF-F340-453C-84C2-B17B9F0F1047}.Debug|Any CPU.ActiveCfg = Debug|Any CPU
		{E30BE9BF-F340-453C-84C2-B17B9F0F1047}.Debug|Any CPU.Build.0 = Debug|Any CPU
		{E30BE9BF-F340-453C-84C2-B17B9F0F1047}.Release|Any CPU.ActiveCfg = Release|Any CPU
		{E30BE9BF-F340-453C-84C2-B17B9F0F1047}.Release|Any CPU.Build.0 = Release|Any CPU
		{42BEE94C-6225-455A-9AB5-5B24EB256F05}.Debug|Any CPU.ActiveCfg = Debug|Any CPU
		{42BEE94C-6225-455A-9AB5-5B24EB256F05}.Debug|Any CPU.Build.0 = Debug|Any CPU
		{42BEE94C-6225-455A-9AB5-5B24EB256F05}.Release|Any CPU.ActiveCfg = Release|Any CPU
		{42BEE94C-6225-455A-9AB5-5B24EB256F05}.Release|Any CPU.Build.0 = Release|Any CPU
		{9B191663-1EC0-41D9-AA9B-77BC9384BA32}.Debug|Any CPU.ActiveCfg = Debug|Any CPU
		{9B191663-1EC0-41D9-AA9B-77BC9384BA32}.Debug|Any CPU.Build.0 = Debug|Any CPU
		{9B191663-1EC0-41D9-AA9B-77BC9384BA32}.Release|Any CPU.ActiveCfg = Release|Any CPU
		{9B191663-1EC0-41D9-AA9B-77BC9384BA32}.Release|Any CPU.Build.0 = Release|Any CPU
		{F804BDAC-8C7F-4692-8738-A9D24038CE13}.Debug|Any CPU.ActiveCfg = Debug|Any CPU
		{F804BDAC-8C7F-4692-8738-A9D24038CE13}.Debug|Any CPU.Build.0 = Debug|Any CPU
		{F804BDAC-8C7F-4692-8738-A9D24038CE13}.Release|Any CPU.ActiveCfg = Release|Any CPU
		{F804BDAC-8C7F-4692-8738-A9D24038CE13}.Release|Any CPU.Build.0 = Release|Any CPU
		{033881F7-CDA4-4F67-905C-11D907C22A0C}.Debug|Any CPU.ActiveCfg = Debug|Any CPU
		{033881F7-CDA4-4F67-905C-11D907C22A0C}.Debug|Any CPU.Build.0 = Debug|Any CPU
		{033881F7-CDA4-4F67-905C-11D907C22A0C}.Release|Any CPU.ActiveCfg = Release|Any CPU
		{033881F7-CDA4-4F67-905C-11D907C22A0C}.Release|Any CPU.Build.0 = Release|Any CPU
		{6149DA98-F536-40C4-8F64-D5A1B27D1AB2}.Debug|Any CPU.ActiveCfg = Debug|Any CPU
		{6149DA98-F536-40C4-8F64-D5A1B27D1AB2}.Debug|Any CPU.Build.0 = Debug|Any CPU
		{6149DA98-F536-40C4-8F64-D5A1B27D1AB2}.Release|Any CPU.ActiveCfg = Release|Any CPU
		{6149DA98-F536-40C4-8F64-D5A1B27D1AB2}.Release|Any CPU.Build.0 = Release|Any CPU
		{EC644B1B-67C7-464C-81F0-A556CFE7B151}.Debug|Any CPU.ActiveCfg = Debug|Any CPU
		{EC644B1B-67C7-464C-81F0-A556CFE7B151}.Debug|Any CPU.Build.0 = Debug|Any CPU
		{EC644B1B-67C7-464C-81F0-A556CFE7B151}.Release|Any CPU.ActiveCfg = Release|Any CPU
		{EC644B1B-67C7-464C-81F0-A556CFE7B151}.Release|Any CPU.Build.0 = Release|Any CPU
	EndGlobalSection
EndGlobal
